
Microsoft Visual Studio Solution File, Format Version 12.00
# Visual Studio Version 17
VisualStudioVersion = 17.4.33213.308
MinimumVisualStudioVersion = 10.0.40219.1
Project("{FAE04EC0-301F-11D3-BF4B-00C04F79EFBC}") = "CodeProf", "CodeProf\CodeProf.csproj", "{87F2E948-7B9F-4BE2-93B2-FB8F492A2766}"
EndProject
Global
	GlobalSection(SolutionConfigurationPlatforms) = preSolution
		Debug|Any CPU = Debug|Any CPU
		Release|Any CPU = Release|Any CPU
	EndGlobalSection
	GlobalSection(ProjectConfigurationPlatforms) = postSolution
		{87F2E948-7B9F-4BE2-93B2-FB8F492A2766}.Debug|Any CPU.ActiveCfg = Debug|Any CPU
		{87F2E948-7B9F-4BE2-93B2-FB8F492A2766}.Debug|Any CPU.Build.0 = Debug|Any CPU
		{87F2E948-7B9F-4BE2-93B2-FB8F492A2766}.Release|Any CPU.ActiveCfg = Release|Any CPU
		{87F2E948-7B9F-4BE2-93B2-FB8F492A2766}.Release|Any CPU.Build.0 = Release|Any CPU
	EndGlobalSection
	GlobalSection(SolutionProperties) = preSolution
		HideSolutionNode = FALSE
	EndGlobalSection
	GlobalSection(ExtensibilityGlobals) = postSolution
		SolutionGuid = {F1AD10D1-0971-4E3D-AE36-9A2DE32B43D0}
	EndGlobalSection
EndGlobal
